
Microsoft Visual Studio Solution File, Format Version 12.00
# Visual Studio Version 16
VisualStudioVersion = 16.0.30204.135
MinimumVisualStudioVersion = 10.0.40219.1
Project("{FAE04EC0-301F-11D3-BF4B-00C04F79EFBC}") = "tCamView", "tCamView.csproj", "{DBC84126-8A9A-4ED5-BB15-379F72E8C9BD}"
EndProject
Project("{54435603-DBB4-11D2-8724-00A0C9A8B90C}") = "Setup", "Setup\Setup.vdproj", "{574DB804-EC78-4D65-A408-76BBA8554BE7}"
EndProject
Global
	GlobalSection(SolutionConfigurationPlatforms) = preSolution
		Debug|Any CPU = Debug|Any CPU
		Release|Any CPU = Release|Any CPU
	EndGlobalSection
	GlobalSection(ProjectConfigurationPlatforms) = postSolution
		{DBC84126-8A9A-4ED5-BB15-379F72E8C9BD}.Debug|Any CPU.ActiveCfg = Debug|Any CPU
		{DBC84126-8A9A-4ED5-BB15-379F72E8C9BD}.Debug|Any CPU.Build.0 = Debug|Any CPU
		{DBC84126-8A9A-4ED5-BB15-379F72E8C9BD}.Release|Any CPU.ActiveCfg = Release|Any CPU
		{DBC84126-8A9A-4ED5-BB15-379F72E8C9BD}.Release|Any CPU.Build.0 = Release|Any CPU
		{574DB804-EC78-4D65-A408-76BBA8554BE7}.Debug|Any CPU.ActiveCfg = Debug
		{574DB804-EC78-4D65-A408-76BBA8554BE7}.Release|Any CPU.ActiveCfg = Release
	EndGlobalSection
	GlobalSection(SolutionProperties) = preSolution
		HideSolutionNode = FALSE
	EndGlobalSection
	GlobalSection(ExtensibilityGlobals) = postSolution
		SolutionGuid = {77CDD034-F527-4674-8184-8C94B21F27CB}
	EndGlobalSection
EndGlobal
